{
  "nodes": {
    "nixpkgs": {
      "locked": {
        "lastModified": 1790689126,
        "narHash": "sha256-ilerN1WLSvF+HMjziC/Wv99J5y02maDH+6hZPwsORKg=",
        "owner": "nixos",
        "repo": "nixpkgs",
        "rev": "b4fd65b198c599cbe814fcb9f42d25d021595ec9",
        "type": "github"
      },
      "original": {
        "owner": "nixos",
        "ref": "nixos-unstable",
        "repo": "nixpkgs",
        "type": "github"
      }
    },
    "root": {
      "inputs": {
        "nixpkgs": "nixpkgs",
        "telar": "telar"
      }
    },
    "telar": {
      "flake": false,
      "locked": {
        "lastModified": 1791055426,
        "narHash": "sha256-zv0KEcbtJUOqntltSVYBGIP7SRGnhh/2ZnRMAVubdOI=",
        "ref": "refs/heads/dev",
        "rev": "5d0947d37406480fe2a719d54cb0d9a1ecd7f0d4",
        "revCount": 990,
        "type": "git",
        "url": "file:///home/adrielgbm/projects/code/telar"
      },
      "original": {
        "type": "git",
        "url": "file:///home/adrielgbm/projects/code/telar"
      }
    }
  },
  "root": "root",
  "version": 7
}
