{
  "nodes": {
    "nixpkgs": {
      "locked": {
        "lastModified": 1789286504,
        "narHash": "sha256-eiEK7cKZORNEvX0GeF3RtNEF/JXhgf2RqSp3230q13E=",
        "owner": "nixos",
        "repo": "nixpkgs",
        "rev": "ef34387ddd751e1ab8857adf4676492d32eb24ec",
        "type": "github"
      },
      "original": {
        "owner": "nixos",
        "ref": "nixos-unstable",
        "repo": "nixpkgs",
        "type": "github"
      }
    },
    "root": {
      "inputs": {
        "nixpkgs": "nixpkgs",
        "telar": "telar"
      }
    },
    "telar": {
      "flake": false,
      "locked": {
        "lastModified": 1789854772,
        "narHash": "sha256-TMFgqRM/eB+K6OUfVqQc/EeE6JLAcRJWajuFls2oZSE=",
        "ref": "refs/heads/dev",
        "rev": "e3a20b2c8e6eb6a17aad6b5e000f081a77e6c5c0",
        "revCount": 936,
        "type": "git",
        "url": "file:///home/adrielgbm/projects/code/telar"
      },
      "original": {
        "type": "git",
        "url": "file:///home/adrielgbm/projects/code/telar"
      }
    }
  },
  "root": "root",
  "version": 7
}
