{
  "nodes": {
    "nixpkgs": {
      "locked": {
        "lastModified": 1790046670,
        "narHash": "sha256-MYiI+CzL0tuWgRPjGsKCDHqYs2T3OzMlMQWOYWG0qso=",
        "owner": "nixos",
        "repo": "nixpkgs",
        "rev": "6774f7bc253789b113a4f39285dc0fa100abeacc",
        "type": "github"
      },
      "original": {
        "owner": "nixos",
        "ref": "nixos-unstable",
        "repo": "nixpkgs",
        "type": "github"
      }
    },
    "root": {
      "inputs": {
        "nixpkgs": "nixpkgs",
        "telar": "telar"
      }
    },
    "telar": {
      "flake": false,
      "locked": {
        "lastModified": 1790101079,
        "narHash": "sha256-SjejzVM3ow6oKC25thdjGUyEUM4rPVulpcliMxZBGio=",
        "ref": "refs/heads/dev",
        "rev": "e60c60afc46208aa5dffd79d1a36ba5c2f889419",
        "revCount": 946,
        "type": "git",
        "url": "file:///home/adrielgbm/projects/code/telar"
      },
      "original": {
        "type": "git",
        "url": "file:///home/adrielgbm/projects/code/telar"
      }
    }
  },
  "root": "root",
  "version": 7
}
